// !$*UTF8*$!
{
	archiveVersion = 1;
	classes = {
	};
	objectVersion = 52;
	objects = {

/* Begin PBXBuildFile section */
		B343EB69246AA54F00531296 /* AppDelegate.swift in Sources */ = {isa = PBXBuildFile; fileRef = B343EB68246AA54F00531296 /* AppDelegate.swift */; };
		B343EB6B246AA54F00531296 /* SceneDelegate.swift in Sources */ = {isa = PBXBuildFile; fileRef = B343EB6A246AA54F00531296 /* SceneDelegate.swift */; };
		B343EB6E246AA54F00531296 /* Cook.xcdatamodeld in Sources */ = {isa = PBXBuildFile; fileRef = B343EB6C246AA54F00531296 /* Cook.xcdatamodeld */; };
		B343EB70246AA54F00531296 /* ContentView.swift in Sources */ = {isa = PBXBuildFile; fileRef = B343EB6F246AA54F00531296 /* ContentView.swift */; };
		B343EB72246AA55200531296 /* Assets.xcassets in Resources */ = {isa = PBXBuildFile; fileRef = B343EB71246AA55200531296 /* Assets.xcassets */; };
		B343EB75246AA55200531296 /* Preview Assets.xcassets in Resources */ = {isa = PBXBuildFile; fileRef = B343EB74246AA55200531296 /* Preview Assets.xcassets */; };
		B343EB78246AA55200531296 /* LaunchScreen.storyboard in Resources */ = {isa = PBXBuildFile; fileRef = B343EB76246AA55200531296 /* LaunchScreen.storyboard */; };
		B343EB80246AA56200531296 /* ListView.swift in Sources */ = {isa = PBXBuildFile; fileRef = B343EB7F246AA56200531296 /* ListView.swift */; };
		B343EB83246AA5E100531296 /* CardView.swift in Sources */ = {isa = PBXBuildFile; fileRef = B343EB82246AA5E100531296 /* CardView.swift */; };
		B343EB86246AA63000531296 /* TabBarView.swift in Sources */ = {isa = PBXBuildFile; fileRef = B343EB85246AA63000531296 /* TabBarView.swift */; };
		B343EB89246AA66B00531296 /* Recipe.swift in Sources */ = {isa = PBXBuildFile; fileRef = B343EB88246AA66B00531296 /* Recipe.swift */; };
		B343EB8B246AA69600531296 /* SearchBar.swift in Sources */ = {isa = PBXBuildFile; fileRef = B343EB8A246AA69600531296 /* SearchBar.swift */; };
		B343EB8F246BD9B700531296 /* SegController.swift in Sources */ = {isa = PBXBuildFile; fileRef = B343EB8E246BD9B700531296 /* SegController.swift */; };
		B343EB93246C2BDB00531296 /* Profil.swift in Sources */ = {isa = PBXBuildFile; fileRef = B343EB92246C2BDB00531296 /* Profil.swift */; };
		B354EE87246D2F3100E22F76 /* UserPref+CoreDataClass.swift in Sources */ = {isa = PBXBuildFile; fileRef = B354EE85246D2F3100E22F76 /* UserPref+CoreDataClass.swift */; };
		B354EE88246D2F3100E22F76 /* UserPref+CoreDataProperties.swift in Sources */ = {isa = PBXBuildFile; fileRef = B354EE86246D2F3100E22F76 /* UserPref+CoreDataProperties.swift */; };
		B354EEAD246E9A3F00E22F76 /* ToggleViewProfil.swift in Sources */ = {isa = PBXBuildFile; fileRef = B354EEAC246E9A3F00E22F76 /* ToggleViewProfil.swift */; };
		B3829829247D439F0072FF94 /* ViewScooks.swift in Sources */ = {isa = PBXBuildFile; fileRef = B3829828247D439F0072FF94 /* ViewScooks.swift */; };
		B382982B247D464F0072FF94 /* extension.swift in Sources */ = {isa = PBXBuildFile; fileRef = B382982A247D464F0072FF94 /* extension.swift */; };
		B382982D247D46860072FF94 /* cards.swift in Sources */ = {isa = PBXBuildFile; fileRef = B382982C247D46860072FF94 /* cards.swift */; };
		B382982F247D46FD0072FF94 /* SegmentedControl.swift in Sources */ = {isa = PBXBuildFile; fileRef = B382982E247D46FD0072FF94 /* SegmentedControl.swift */; };
		E22F74FC247C05BA0056D1FC /* ApiPrint.swift in Sources */ = {isa = PBXBuildFile; fileRef = E22F74FB247C05BA0056D1FC /* ApiPrint.swift */; };
		E22F7500247C065C0056D1FC /* CBScanner.swift in Sources */ = {isa = PBXBuildFile; fileRef = E22F74FF247C065C0056D1FC /* CBScanner.swift */; };
		E22F7502247C06AA0056D1FC /* ModalScanner.swift in Sources */ = {isa = PBXBuildFile; fileRef = E22F7501247C06AA0056D1FC /* ModalScanner.swift */; };
		E22F7504247C07480056D1FC /* LoadingView.swift in Sources */ = {isa = PBXBuildFile; fileRef = E22F7503247C07480056D1FC /* LoadingView.swift */; };
		E22F7506247C076F0056D1FC /* LottieView.swift in Sources */ = {isa = PBXBuildFile; fileRef = E22F7505247C076F0056D1FC /* LottieView.swift */; };
		E22F750A247C08EA0056D1FC /* 8998-scanning.json in Resources */ = {isa = PBXBuildFile; fileRef = E22F7508247C08EA0056D1FC /* 8998-scanning.json */; };
		E22F750B247C08EA0056D1FC /* 4692-scanner.json in Resources */ = {isa = PBXBuildFile; fileRef = E22F7509247C08EA0056D1FC /* 4692-scanner.json */; };
		E22F750E247C09C80056D1FC /* Lottie in Frameworks */ = {isa = PBXBuildFile; productRef = E22F750D247C09C80056D1FC /* Lottie */; };
		E22F7515247C0E970056D1FC /* ImageCarouselView.swift in Sources */ = {isa = PBXBuildFile; fileRef = E22F7514247C0E970056D1FC /* ImageCarouselView.swift */; };
		E22F7517247C0EC60056D1FC /* Carousel.swift in Sources */ = {isa = PBXBuildFile; fileRef = E22F7516247C0EC60056D1FC /* Carousel.swift */; };
/* End PBXBuildFile section */

/* Begin PBXFileReference section */
		B343EB65246AA54F00531296 /* Cook.app */ = {isa = PBXFileReference; explicitFileType = wrapper.application; includeInIndex = 0; path = Cook.app; sourceTree = BUILT_PRODUCTS_DIR; };
		B343EB68246AA54F00531296 /* AppDelegate.swift */ = {isa = PBXFileReference; lastKnownFileType = sourcecode.swift; path = AppDelegate.swift; sourceTree = "<group>"; };
		B343EB6A246AA54F00531296 /* SceneDelegate.swift */ = {isa = PBXFileReference; lastKnownFileType = sourcecode.swift; path = SceneDelegate.swift; sourceTree = "<group>"; };
		B343EB6D246AA54F00531296 /* Cook.xcdatamodel */ = {isa = PBXFileReference; lastKnownFileType = wrapper.xcdatamodel; path = Cook.xcdatamodel; sourceTree = "<group>"; };
		B343EB6F246AA54F00531296 /* ContentView.swift */ = {isa = PBXFileReference; lastKnownFileType = sourcecode.swift; path = ContentView.swift; sourceTree = "<group>"; };
		B343EB71246AA55200531296 /* Assets.xcassets */ = {isa = PBXFileReference; lastKnownFileType = folder.assetcatalog; path = Assets.xcassets; sourceTree = "<group>"; };
		B343EB74246AA55200531296 /* Preview Assets.xcassets */ = {isa = PBXFileReference; lastKnownFileType = folder.assetcatalog; path = "Preview Assets.xcassets"; sourceTree = "<group>"; };
		B343EB77246AA55200531296 /* Base */ = {isa = PBXFileReference; lastKnownFileType = file.storyboard; name = Base; path = Base.lproj/LaunchScreen.storyboard; sourceTree = "<group>"; };
		B343EB79246AA55200531296 /* Info.plist */ = {isa = PBXFileReference; lastKnownFileType = text.plist.xml; path = Info.plist; sourceTree = "<group>"; };
		B343EB7F246AA56200531296 /* ListView.swift */ = {isa = PBXFileReference; lastKnownFileType = sourcecode.swift; path = ListView.swift; sourceTree = "<group>"; };
		B343EB82246AA5E100531296 /* CardView.swift */ = {isa = PBXFileReference; lastKnownFileType = sourcecode.swift; path = CardView.swift; sourceTree = "<group>"; };
		B343EB85246AA63000531296 /* TabBarView.swift */ = {isa = PBXFileReference; lastKnownFileType = sourcecode.swift; path = TabBarView.swift; sourceTree = "<group>"; };
		B343EB88246AA66B00531296 /* Recipe.swift */ = {isa = PBXFileReference; lastKnownFileType = sourcecode.swift; path = Recipe.swift; sourceTree = "<group>"; };
		B343EB8A246AA69600531296 /* SearchBar.swift */ = {isa = PBXFileReference; lastKnownFileType = sourcecode.swift; path = SearchBar.swift; sourceTree = "<group>"; };
		B343EB8E246BD9B700531296 /* SegController.swift */ = {isa = PBXFileReference; lastKnownFileType = sourcecode.swift; path = SegController.swift; sourceTree = "<group>"; };
		B343EB92246C2BDB00531296 /* Profil.swift */ = {isa = PBXFileReference; lastKnownFileType = sourcecode.swift; path = Profil.swift; sourceTree = "<group>"; };
		B354EE85246D2F3100E22F76 /* UserPref+CoreDataClass.swift */ = {isa = PBXFileReference; lastKnownFileType = sourcecode.swift; path = "UserPref+CoreDataClass.swift"; sourceTree = "<group>"; };
		B354EE86246D2F3100E22F76 /* UserPref+CoreDataProperties.swift */ = {isa = PBXFileReference; lastKnownFileType = sourcecode.swift; path = "UserPref+CoreDataProperties.swift"; sourceTree = "<group>"; };
		B354EEAC246E9A3F00E22F76 /* ToggleViewProfil.swift */ = {isa = PBXFileReference; lastKnownFileType = sourcecode.swift; path = ToggleViewProfil.swift; sourceTree = "<group>"; };
		B3829828247D439F0072FF94 /* ViewScooks.swift */ = {isa = PBXFileReference; lastKnownFileType = sourcecode.swift; path = ViewScooks.swift; sourceTree = "<group>"; };
		B382982A247D464F0072FF94 /* extension.swift */ = {isa = PBXFileReference; lastKnownFileType = sourcecode.swift; path = extension.swift; sourceTree = "<group>"; };
		B382982C247D46860072FF94 /* cards.swift */ = {isa = PBXFileReference; lastKnownFileType = sourcecode.swift; path = cards.swift; sourceTree = "<group>"; };
		B382982E247D46FD0072FF94 /* SegmentedControl.swift */ = {isa = PBXFileReference; lastKnownFileType = sourcecode.swift; path = SegmentedControl.swift; sourceTree = "<group>"; };
		E22F74FB247C05BA0056D1FC /* ApiPrint.swift */ = {isa = PBXFileReference; lastKnownFileType = sourcecode.swift; path = ApiPrint.swift; sourceTree = "<group>"; };
		E22F74FF247C065C0056D1FC /* CBScanner.swift */ = {isa = PBXFileReference; lastKnownFileType = sourcecode.swift; path = CBScanner.swift; sourceTree = "<group>"; };
		E22F7501247C06AA0056D1FC /* ModalScanner.swift */ = {isa = PBXFileReference; lastKnownFileType = sourcecode.swift; path = ModalScanner.swift; sourceTree = "<group>"; };
		E22F7503247C07480056D1FC /* LoadingView.swift */ = {isa = PBXFileReference; lastKnownFileType = sourcecode.swift; path = LoadingView.swift; sourceTree = "<group>"; };
		E22F7505247C076F0056D1FC /* LottieView.swift */ = {isa = PBXFileReference; lastKnownFileType = sourcecode.swift; path = LottieView.swift; sourceTree = "<group>"; };
		E22F7508247C08EA0056D1FC /* 8998-scanning.json */ = {isa = PBXFileReference; fileEncoding = 4; lastKnownFileType = text.json; path = "8998-scanning.json"; sourceTree = "<group>"; };
		E22F7509247C08EA0056D1FC /* 4692-scanner.json */ = {isa = PBXFileReference; fileEncoding = 4; lastKnownFileType = text.json; path = "4692-scanner.json"; sourceTree = "<group>"; };
		E22F7514247C0E970056D1FC /* ImageCarouselView.swift */ = {isa = PBXFileReference; lastKnownFileType = sourcecode.swift; path = ImageCarouselView.swift; sourceTree = "<group>"; };
		E22F7516247C0EC60056D1FC /* Carousel.swift */ = {isa = PBXFileReference; lastKnownFileType = sourcecode.swift; path = Carousel.swift; sourceTree = "<group>"; };
/* End PBXFileReference section */

/* Begin PBXFrameworksBuildPhase section */
		B343EB62246AA54F00531296 /* Frameworks */ = {
			isa = PBXFrameworksBuildPhase;
			buildActionMask = 2147483647;
			files = (
				E22F750E247C09C80056D1FC /* Lottie in Frameworks */,
			);
			runOnlyForDeploymentPostprocessing = 0;
		};
/* End PBXFrameworksBuildPhase section */

/* Begin PBXGroup section */
		B343EB5C246AA54F00531296 = {
			isa = PBXGroup;
			children = (
				B354EE85246D2F3100E22F76 /* UserPref+CoreDataClass.swift */,
				B354EE86246D2F3100E22F76 /* UserPref+CoreDataProperties.swift */,
				B343EB67246AA54F00531296 /* Cook */,
				B343EB66246AA54F00531296 /* Products */,
			);
			sourceTree = "<group>";
		};
		B343EB66246AA54F00531296 /* Products */ = {
			isa = PBXGroup;
			children = (
				B343EB65246AA54F00531296 /* Cook.app */,
			);
			name = Products;
			sourceTree = "<group>";
		};
		B343EB67246AA54F00531296 /* Cook */ = {
			isa = PBXGroup;
			children = (
				E22F7513247C0E2B0056D1FC /* Carousel */,
				E22F74FE247C06410056D1FC /* Scan */,
				E22F74FA247C059E0056D1FC /* Api */,
				B343EB81246AA59B00531296 /* ViewModels */,
				B343EB87246AA63F00531296 /* Models */,
				B343EB84246AA60500531296 /* View */,
				B343EB68246AA54F00531296 /* AppDelegate.swift */,
				B343EB6A246AA54F00531296 /* SceneDelegate.swift */,
				B343EB6F246AA54F00531296 /* ContentView.swift */,
				B343EB71246AA55200531296 /* Assets.xcassets */,
				B343EB76246AA55200531296 /* LaunchScreen.storyboard */,
				B343EB79246AA55200531296 /* Info.plist */,
				B343EB6C246AA54F00531296 /* Cook.xcdatamodeld */,
				E22F7503247C07480056D1FC /* LoadingView.swift */,
				E22F7505247C076F0056D1FC /* LottieView.swift */,
				E22F7507247C08EA0056D1FC /* Lottie */,
				B343EB73246AA55200531296 /* Preview Content */,
			);
			path = Cook;
			sourceTree = "<group>";
		};
		B343EB73246AA55200531296 /* Preview Content */ = {
			isa = PBXGroup;
			children = (
				B343EB74246AA55200531296 /* Preview Assets.xcassets */,
			);
			path = "Preview Content";
			sourceTree = "<group>";
		};
		B343EB81246AA59B00531296 /* ViewModels */ = {
			isa = PBXGroup;
			children = (
				B343EB7F246AA56200531296 /* ListView.swift */,
				B3829828247D439F0072FF94 /* ViewScooks.swift */,
				B343EB8E246BD9B700531296 /* SegController.swift */,
				B343EB82246AA5E100531296 /* CardView.swift */,
			);
			path = ViewModels;
			sourceTree = "<group>";
		};
		B343EB84246AA60500531296 /* View */ = {
			isa = PBXGroup;
			children = (
				B343EB92246C2BDB00531296 /* Profil.swift */,
				B382982C247D46860072FF94 /* cards.swift */,
				B382982E247D46FD0072FF94 /* SegmentedControl.swift */,
				B354EEAC246E9A3F00E22F76 /* ToggleViewProfil.swift */,
				B343EB85246AA63000531296 /* TabBarView.swift */,
			);
			path = View;
			sourceTree = "<group>";
		};
		B343EB87246AA63F00531296 /* Models */ = {
			isa = PBXGroup;
			children = (
				B343EB88246AA66B00531296 /* Recipe.swift */,
				B382982A247D464F0072FF94 /* extension.swift */,
				B343EB8A246AA69600531296 /* SearchBar.swift */,
			);
			path = Models;
			sourceTree = "<group>";
		};
		E22F74FA247C059E0056D1FC /* Api */ = {
			isa = PBXGroup;
			children = (
				E22F74FB247C05BA0056D1FC /* ApiPrint.swift */,
			);
			path = Api;
			sourceTree = "<group>";
		};
		E22F74FE247C06410056D1FC /* Scan */ = {
			isa = PBXGroup;
			children = (
				E22F74FF247C065C0056D1FC /* CBScanner.swift */,
				E22F7501247C06AA0056D1FC /* ModalScanner.swift */,
			);
			path = Scan;
			sourceTree = "<group>";
		};
		E22F7507247C08EA0056D1FC /* Lottie */ = {
			isa = PBXGroup;
			children = (
				E22F7508247C08EA0056D1FC /* 8998-scanning.json */,
				E22F7509247C08EA0056D1FC /* 4692-scanner.json */,
			);
			path = Lottie;
			sourceTree = "<group>";
		};
		E22F7513247C0E2B0056D1FC /* Carousel */ = {
			isa = PBXGroup;
			children = (
				E22F7514247C0E970056D1FC /* ImageCarouselView.swift */,
				E22F7516247C0EC60056D1FC /* Carousel.swift */,
			);
			path = Carousel;
			sourceTree = "<group>";
		};
/* End PBXGroup section */

/* Begin PBXNativeTarget section */
		B343EB64246AA54F00531296 /* Cook */ = {
			isa = PBXNativeTarget;
			buildConfigurationList = B343EB7C246AA55200531296 /* Build configuration list for PBXNativeTarget "Cook" */;
			buildPhases = (
				B343EB61246AA54F00531296 /* Sources */,
				B343EB62246AA54F00531296 /* Frameworks */,
				B343EB63246AA54F00531296 /* Resources */,
			);
			buildRules = (
			);
			dependencies = (
			);
			name = Cook;
			packageProductDependencies = (
				E22F750D247C09C80056D1FC /* Lottie */,
			);
			productName = Cook;
			productReference = B343EB65246AA54F00531296 /* Cook.app */;
			productType = "com.apple.product-type.application";
		};
/* End PBXNativeTarget section */

/* Begin PBXProject section */
		B343EB5D246AA54F00531296 /* Project object */ = {
			isa = PBXProject;
			attributes = {
				LastSwiftUpdateCheck = 1140;
				LastUpgradeCheck = 1140;
				ORGANIZATIONNAME = Adison;
				TargetAttributes = {
					B343EB64246AA54F00531296 = {
						CreatedOnToolsVersion = 11.4.1;
					};
				};
			};
			buildConfigurationList = B343EB60246AA54F00531296 /* Build configuration list for PBXProject "Cook" */;
			compatibilityVersion = "Xcode 9.3";
			developmentRegion = en;
			hasScannedForEncodings = 0;
			knownRegions = (
				en,
				Base,
			);
			mainGroup = B343EB5C246AA54F00531296;
			packageReferences = (
				E22F750C247C09C80056D1FC /* XCRemoteSwiftPackageReference "lottie-ios" */,
			);
			productRefGroup = B343EB66246AA54F00531296 /* Products */;
			projectDirPath = "";
			projectRoot = "";
			targets = (
				B343EB64246AA54F00531296 /* Cook */,
			);
		};
/* End PBXProject section */

/* Begin PBXResourcesBuildPhase section */
		B343EB63246AA54F00531296 /* Resources */ = {
			isa = PBXResourcesBuildPhase;
			buildActionMask = 2147483647;
			files = (
				B343EB78246AA55200531296 /* LaunchScreen.storyboard in Resources */,
				E22F750B247C08EA0056D1FC /* 4692-scanner.json in Resources */,
				B343EB75246AA55200531296 /* Preview Assets.xcassets in Resources */,
				E22F750A247C08EA0056D1FC /* 8998-scanning.json in Resources */,
				B343EB72246AA55200531296 /* Assets.xcassets in Resources */,
			);
			runOnlyForDeploymentPostprocessing = 0;
		};
/* End PBXResourcesBuildPhase section */

/* Begin PBXSourcesBuildPhase section */
		B343EB61246AA54F00531296 /* Sources */ = {
			isa = PBXSourcesBuildPhase;
			buildActionMask = 2147483647;
			files = (
				B343EB93246C2BDB00531296 /* Profil.swift in Sources */,
				E22F7506247C076F0056D1FC /* LottieView.swift in Sources */,
				B343EB69246AA54F00531296 /* AppDelegate.swift in Sources */,
				B382982D247D46860072FF94 /* cards.swift in Sources */,
				B354EE87246D2F3100E22F76 /* UserPref+CoreDataClass.swift in Sources */,
				B3829829247D439F0072FF94 /* ViewScooks.swift in Sources */,
				B343EB6E246AA54F00531296 /* Cook.xcdatamodeld in Sources */,
				B343EB86246AA63000531296 /* TabBarView.swift in Sources */,
				B354EE88246D2F3100E22F76 /* UserPref+CoreDataProperties.swift in Sources */,
				E22F7517247C0EC60056D1FC /* Carousel.swift in Sources */,
				B343EB80246AA56200531296 /* ListView.swift in Sources */,
				E22F7500247C065C0056D1FC /* CBScanner.swift in Sources */,
				B343EB70246AA54F00531296 /* ContentView.swift in Sources */,
				B382982F247D46FD0072FF94 /* SegmentedControl.swift in Sources */,
				B354EEAD246E9A3F00E22F76 /* ToggleViewProfil.swift in Sources */,
				B343EB8F246BD9B700531296 /* SegController.swift in Sources */,
				E22F7515247C0E970056D1FC /* ImageCarouselView.swift in Sources */,
				E22F7502247C06AA0056D1FC /* ModalScanner.swift in Sources */,
				B343EB8B246AA69600531296 /* SearchBar.swift in Sources */,
				B343EB83246AA5E100531296 /* CardView.swift in Sources */,
				E22F74FC247C05BA0056D1FC /* ApiPrint.swift in Sources */,
				B343EB6B246AA54F00531296 /* SceneDelegate.swift in Sources */,
				B382982B247D464F0072FF94 /* extension.swift in Sources */,
				B343EB89246AA66B00531296 /* Recipe.swift in Sources */,
				E22F7504247C07480056D1FC /* LoadingView.swift in Sources */,
			);
			runOnlyForDeploymentPostprocessing = 0;
		};
/* End PBXSourcesBuildPhase section */

/* Begin PBXVariantGroup section */
		B343EB76246AA55200531296 /* LaunchScreen.storyboard */ = {
			isa = PBXVariantGroup;
			children = (
				B343EB77246AA55200531296 /* Base */,
			);
			name = LaunchScreen.storyboard;
			sourceTree = "<group>";
		};
/* End PBXVariantGroup section */

/* Begin XCBuildConfiguration section */
		B343EB7A246AA55200531296 /* Debug */ = {
			isa = XCBuildConfiguration;
			buildSettings = {
				ALWAYS_SEARCH_USER_PATHS = NO;
				CLANG_ANALYZER_NONNULL = YES;
				CLANG_ANALYZER_NUMBER_OBJECT_CONVERSION = YES_AGGRESSIVE;
				CLANG_CXX_LANGUAGE_STANDARD = "gnu++14";
				CLANG_CXX_LIBRARY = "libc++";
				CLANG_ENABLE_MODULES = YES;
				CLANG_ENABLE_OBJC_ARC = YES;
				CLANG_ENABLE_OBJC_WEAK = YES;
				CLANG_WARN_BLOCK_CAPTURE_AUTORELEASING = YES;
				CLANG_WARN_BOOL_CONVERSION = YES;
				CLANG_WARN_COMMA = YES;
				CLANG_WARN_CONSTANT_CONVERSION = YES;
				CLANG_WARN_DEPRECATED_OBJC_IMPLEMENTATIONS = YES;
				CLANG_WARN_DIRECT_OBJC_ISA_USAGE = YES_ERROR;
				CLANG_WARN_DOCUMENTATION_COMMENTS = YES;
				CLANG_WARN_EMPTY_BODY = YES;
				CLANG_WARN_ENUM_CONVERSION = YES;
				CLANG_WARN_INFINITE_RECURSION = YES;
				CLANG_WARN_INT_CONVERSION = YES;
				CLANG_WARN_NON_LITERAL_NULL_CONVERSION = YES;
				CLANG_WARN_OBJC_IMPLICIT_RETAIN_SELF = YES;
				CLANG_WARN_OBJC_LITERAL_CONVERSION = YES;
				CLANG_WARN_OBJC_ROOT_CLASS = YES_ERROR;
				CLANG_WARN_RANGE_LOOP_ANALYSIS = YES;
				CLANG_WARN_STRICT_PROTOTYPES = YES;
				CLANG_WARN_SUSPICIOUS_MOVE = YES;
				CLANG_WARN_UNGUARDED_AVAILABILITY = YES_AGGRESSIVE;
				CLANG_WARN_UNREACHABLE_CODE = YES;
				CLANG_WARN__DUPLICATE_METHOD_MATCH = YES;
				COPY_PHASE_STRIP = NO;
				DEBUG_INFORMATION_FORMAT = dwarf;
				ENABLE_STRICT_OBJC_MSGSEND = YES;
				ENABLE_TESTABILITY = YES;
				GCC_C_LANGUAGE_STANDARD = gnu11;
				GCC_DYNAMIC_NO_PIC = NO;
				GCC_NO_COMMON_BLOCKS = YES;
				GCC_OPTIMIZATION_LEVEL = 0;
				GCC_PREPROCESSOR_DEFINITIONS = (
					"DEBUG=1",
					"$(inherited)",
				);
				GCC_WARN_64_TO_32_BIT_CONVERSION = YES;
				GCC_WARN_ABOUT_RETURN_TYPE = YES_ERROR;
				GCC_WARN_UNDECLARED_SELECTOR = YES;
				GCC_WARN_UNINITIALIZED_AUTOS = YES_AGGRESSIVE;
				GCC_WARN_UNUSED_FUNCTION = YES;
				GCC_WARN_UNUSED_VARIABLE = YES;
				IPHONEOS_DEPLOYMENT_TARGET = 13.4;
				MTL_ENABLE_DEBUG_INFO = INCLUDE_SOURCE;
				MTL_FAST_MATH = YES;
				ONLY_ACTIVE_ARCH = YES;
				SDKROOT = iphoneos;
				SWIFT_ACTIVE_COMPILATION_CONDITIONS = DEBUG;
				SWIFT_OPTIMIZATION_LEVEL = "-Onone";
			};
			name = Debug;
		};
		B343EB7B246AA55200531296 /* Release */ = {
			isa = XCBuildConfiguration;
			buildSettings = {
				ALWAYS_SEARCH_USER_PATHS = NO;
				CLANG_ANALYZER_NONNULL = YES;
				CLANG_ANALYZER_NUMBER_OBJECT_CONVERSION = YES_AGGRESSIVE;
				CLANG_CXX_LANGUAGE_STANDARD = "gnu++14";
				CLANG_CXX_LIBRARY = "libc++";
				CLANG_ENABLE_MODULES = YES;
				CLANG_ENABLE_OBJC_ARC = YES;
				CLANG_ENABLE_OBJC_WEAK = YES;
				CLANG_WARN_BLOCK_CAPTURE_AUTORELEASING = YES;
				CLANG_WARN_BOOL_CONVERSION = YES;
				CLANG_WARN_COMMA = YES;
				CLANG_WARN_CONSTANT_CONVERSION = YES;
				CLANG_WARN_DEPRECATED_OBJC_IMPLEMENTATIONS = YES;
				CLANG_WARN_DIRECT_OBJC_ISA_USAGE = YES_ERROR;
				CLANG_WARN_DOCUMENTATION_COMMENTS = YES;
				CLANG_WARN_EMPTY_BODY = YES;
				CLANG_WARN_ENUM_CONVERSION = YES;
				CLANG_WARN_INFINITE_RECURSION = YES;
				CLANG_WARN_INT_CONVERSION = YES;
				CLANG_WARN_NON_LITERAL_NULL_CONVERSION = YES;
				CLANG_WARN_OBJC_IMPLICIT_RETAIN_SELF = YES;
				CLANG_WARN_OBJC_LITERAL_CONVERSION = YES;
				CLANG_WARN_OBJC_ROOT_CLASS = YES_ERROR;
				CLANG_WARN_RANGE_LOOP_ANALYSIS = YES;
				CLANG_WARN_STRICT_PROTOTYPES = YES;
				CLANG_WARN_SUSPICIOUS_MOVE = YES;
				CLANG_WARN_UNGUARDED_AVAILABILITY = YES_AGGRESSIVE;
				CLANG_WARN_UNREACHABLE_CODE = YES;
				CLANG_WARN__DUPLICATE_METHOD_MATCH = YES;
				COPY_PHASE_STRIP = NO;
				DEBUG_INFORMATION_FORMAT = "dwarf-with-dsym";
				ENABLE_NS_ASSERTIONS = NO;
				ENABLE_STRICT_OBJC_MSGSEND = YES;
				GCC_C_LANGUAGE_STANDARD = gnu11;
				GCC_NO_COMMON_BLOCKS = YES;
				GCC_WARN_64_TO_32_BIT_CONVERSION = YES;
				GCC_WARN_ABOUT_RETURN_TYPE = YES_ERROR;
				GCC_WARN_UNDECLARED_SELECTOR = YES;
				GCC_WARN_UNINITIALIZED_AUTOS = YES_AGGRESSIVE;
				GCC_WARN_UNUSED_FUNCTION = YES;
				GCC_WARN_UNUSED_VARIABLE = YES;
				IPHONEOS_DEPLOYMENT_TARGET = 13.4;
				MTL_ENABLE_DEBUG_INFO = NO;
				MTL_FAST_MATH = YES;
				SDKROOT = iphoneos;
				SWIFT_COMPILATION_MODE = wholemodule;
				SWIFT_OPTIMIZATION_LEVEL = "-O";
				VALIDATE_PRODUCT = YES;
			};
			name = Release;
		};
		B343EB7D246AA55200531296 /* Debug */ = {
			isa = XCBuildConfiguration;
			buildSettings = {
				ASSETCATALOG_COMPILER_APPICON_NAME = AppIcon;
				CODE_SIGN_STYLE = Automatic;
				DEVELOPMENT_ASSET_PATHS = "\"Cook/Preview Content\"";
				DEVELOPMENT_TEAM = T37Y8MBU7Z;
				ENABLE_PREVIEWS = YES;
				INFOPLIST_FILE = Cook/Info.plist;
				LD_RUNPATH_SEARCH_PATHS = (
					"$(inherited)",
					"@executable_path/Frameworks",
				);
				PRODUCT_BUNDLE_IDENTIFIER = adison.Cook;
				PRODUCT_NAME = "$(TARGET_NAME)";
				SWIFT_VERSION = 5.0;
				TARGETED_DEVICE_FAMILY = "1,2";
			};
			name = Debug;
		};
		B343EB7E246AA55200531296 /* Release */ = {
			isa = XCBuildConfiguration;
			buildSettings = {
				ASSETCATALOG_COMPILER_APPICON_NAME = AppIcon;
				CODE_SIGN_STYLE = Automatic;
				DEVELOPMENT_ASSET_PATHS = "\"Cook/Preview Content\"";
				DEVELOPMENT_TEAM = T37Y8MBU7Z;
				ENABLE_PREVIEWS = YES;
				INFOPLIST_FILE = Cook/Info.plist;
				LD_RUNPATH_SEARCH_PATHS = (
					"$(inherited)",
					"@executable_path/Frameworks",
				);
				PRODUCT_BUNDLE_IDENTIFIER = adison.Cook;
				PRODUCT_NAME = "$(TARGET_NAME)";
				SWIFT_VERSION = 5.0;
				TARGETED_DEVICE_FAMILY = "1,2";
			};
			name = Release;
		};
/* End XCBuildConfiguration section */

/* Begin XCConfigurationList section */
		B343EB60246AA54F00531296 /* Build configuration list for PBXProject "Cook" */ = {
			isa = XCConfigurationList;
			buildConfigurations = (
				B343EB7A246AA55200531296 /* Debug */,
				B343EB7B246AA55200531296 /* Release */,
			);
			defaultConfigurationIsVisible = 0;
			defaultConfigurationName = Release;
		};
		B343EB7C246AA55200531296 /* Build configuration list for PBXNativeTarget "Cook" */ = {
			isa = XCConfigurationList;
			buildConfigurations = (
				B343EB7D246AA55200531296 /* Debug */,
				B343EB7E246AA55200531296 /* Release */,
			);
			defaultConfigurationIsVisible = 0;
			defaultConfigurationName = Release;
		};
/* End XCConfigurationList section */

/* Begin XCRemoteSwiftPackageReference section */
		E22F750C247C09C80056D1FC /* XCRemoteSwiftPackageReference "lottie-ios" */ = {
			isa = XCRemoteSwiftPackageReference;
			repositoryURL = "https://github.com/airbnb/lottie-ios.git";
			requirement = {
				kind = upToNextMajorVersion;
				minimumVersion = 3.1.8;
			};
		};
/* End XCRemoteSwiftPackageReference section */

/* Begin XCSwiftPackageProductDependency section */
		E22F750D247C09C80056D1FC /* Lottie */ = {
			isa = XCSwiftPackageProductDependency;
			package = E22F750C247C09C80056D1FC /* XCRemoteSwiftPackageReference "lottie-ios" */;
			productName = Lottie;
		};
/* End XCSwiftPackageProductDependency section */

/* Begin XCVersionGroup section */
		B343EB6C246AA54F00531296 /* Cook.xcdatamodeld */ = {
			isa = XCVersionGroup;
			children = (
				B343EB6D246AA54F00531296 /* Cook.xcdatamodel */,
			);
			currentVersion = B343EB6D246AA54F00531296 /* Cook.xcdatamodel */;
			path = Cook.xcdatamodeld;
			sourceTree = "<group>";
			versionGroupType = wrapper.xcdatamodel;
		};
/* End XCVersionGroup section */
	};
	rootObject = B343EB5D246AA54F00531296 /* Project object */;
}
